# Managed by ai-specs. Do not edit by hand.
# Provenance stamp: [meta] records the CLI version and timestamp of the last
# sync. It is the CLI-provenance signal that travels with a fresh clone (the
# machine-local cache meta.toml does not). git covers integrity/diff of the
# committed project surface; skill/recipe/dep content hashes are not tracked.

[meta]
cli_version = "0.18.0"
synced_at = "2026-07-29T04:25:30Z"
